
Microsoft Visual Studio Solution File, Format Version 12.00
# Visual Studio Version 17
VisualStudioVersion = 17.6.33815.320
MinimumVisualStudioVersion = 10.0.40219.1
Project("{FAE04EC0-301F-11D3-BF4B-00C04F79EFBC}") = "RisxPert_V2", "RisxPert_V2\RisxPert_V2.csproj", "{AEE6CDFC-5A8F-4E77-97C8-188C2F967D8D}"
EndProject
Global
	GlobalSection(SolutionConfigurationPlatforms) = preSolution
		Debug|Any CPU = Debug|Any CPU
		Release|Any CPU = Release|Any CPU
	EndGlobalSection
	GlobalSection(ProjectConfigurationPlatforms) = postSolution
		{AEE6CDFC-5A8F-4E77-97C8-188C2F967D8D}.Debug|Any CPU.ActiveCfg = Debug|Any CPU
		{AEE6CDFC-5A8F-4E77-97C8-188C2F967D8D}.Debug|Any CPU.Build.0 = Debug|Any CPU
		{AEE6CDFC-5A8F-4E77-97C8-188C2F967D8D}.Release|Any CPU.ActiveCfg = Release|Any CPU
		{AEE6CDFC-5A8F-4E77-97C8-188C2F967D8D}.Release|Any CPU.Build.0 = Release|Any CPU
	EndGlobalSection
	GlobalSection(SolutionProperties) = preSolution
		HideSolutionNode = FALSE
	EndGlobalSection
	GlobalSection(ExtensibilityGlobals) = postSolution
		SolutionGuid = {BD3C62F7-4D94-4BED-AC67-103B5A3BEB9A}
	EndGlobalSection
EndGlobal
